
Microsoft Visual Studio Solution File, Format Version 12.00
# Visual Studio Version 16
VisualStudioVersion = 16.0.33927.289
MinimumVisualStudioVersion = 10.0.40219.1
Project("{2150E333-8FDC-42A3-9474-1A3956D46DE8}") = "Task0", "Task0", "{76FB7B4D-CD96-43DC-825B-F956827DB93D}"
EndProject
Project("{FAE04EC0-301F-11D3-BF4B-00C04F79EFBC}") = "Tyuiu.GalyameevMR.Sprint6.Task0.V22.Lib", "Tyuiu.GalyameevMR.Sprint6.Task0.V22.Lib\Tyuiu.GalyameevMR.Sprint6.Task0.V22.Lib.csproj", "{C84B862A-4A1A-4D8C-99E9-29FF5356B088}"
EndProject
Project("{FAE04EC0-301F-11D3-BF4B-00C04F79EFBC}") = "Tyuiu.GalyameevMR.Sprint6.Task0.V22.Test", "Tyuiu.GalyameevMR.Sprint6.Task0.V22.Test\Tyuiu.GalyameevMR.Sprint6.Task0.V22.Test.csproj", "{1CD6C609-B3D9-434A-920A-0BBB60B1F79E}"
EndProject
Project("{FAE04EC0-301F-11D3-BF4B-00C04F79EFBC}") = "Tyuiu.GalyameevMR.Sprint6.Task0.V22", "Tyuiu.GalyameevMR.Sprint6.Task0.V22\Tyuiu.GalyameevMR.Sprint6.Task0.V22.csproj", "{5717E1B3-2B56-4BF6-B3F9-F76687986DFD}"
EndProject
Project("{2150E333-8FDC-42A3-9474-1A3956D46DE8}") = "Task1", "Task1", "{690ABB10-2133-4C11-AFCE-D2DF26608EA3}"
EndProject
Project("{FAE04EC0-301F-11D3-BF4B-00C04F79EFBC}") = "Tyuiu.GalyameevMR.Sprint6.Task1.V7", "Tyuiu.GalyameevMR.Sprint6.Task1.V7\Tyuiu.GalyameevMR.Sprint6.Task1.V7.csproj", "{4E5515D8-6D4D-456A-987E-A92E042B2CC4}"
EndProject
Project("{FAE04EC0-301F-11D3-BF4B-00C04F79EFBC}") = "Tyuiu.GalyameevMR.Sprint6.Task1.V7.Test", "Tyuiu.GalyameevMR.Sprint6.Task1.V7.Test\Tyuiu.GalyameevMR.Sprint6.Task1.V7.Test.csproj", "{6A96B5B3-C95A-48B5-B8A2-D9E5DEDAFE3C}"
EndProject
Project("{FAE04EC0-301F-11D3-BF4B-00C04F79EFBC}") = "Tyuiu.GalyameevMR.Sprint6.Task1.V7.Lib", "Tyuiu.GalyameevMR.Sprint6.Task1.V7.Lib\Tyuiu.GalyameevMR.Sprint6.Task1.V7.Lib.csproj", "{958B105E-BD43-4692-88A1-6927C45091FB}"
EndProject
Project("{2150E333-8FDC-42A3-9474-1A3956D46DE8}") = "Task2", "Task2", "{E8F73A31-25A0-492A-AF67-6CDD083DEFAE}"
EndProject
Project("{FAE04EC0-301F-11D3-BF4B-00C04F79EFBC}") = "Tyuiu.GalyameevMR.Sprint6.Task2.V30.Lib", "Tyuiu.GalyameevMR.Sprint6.Task2.V30.Lib\Tyuiu.GalyameevMR.Sprint6.Task2.V30.Lib.csproj", "{6982ACAB-3DD2-4EB5-A44F-B8E1D8176128}"
EndProject
Project("{FAE04EC0-301F-11D3-BF4B-00C04F79EFBC}") = "Tyuiu.GalyameevMR.Sprint6.Task2.V30.Test", "Tyuiu.GalyameevMR.Sprint6.Task2.V30.Test\Tyuiu.GalyameevMR.Sprint6.Task2.V30.Test.csproj", "{07F0C2E4-1052-42CF-AE60-7751637FEE2D}"
EndProject
Project("{FAE04EC0-301F-11D3-BF4B-00C04F79EFBC}") = "Tyuiu.GalyameevMR.Sprint6.Task2.V30", "Tyuiu.GalyameevMR.Sprint6.Task2.V30\Tyuiu.GalyameevMR.Sprint6.Task2.V30.csproj", "{DABD9C40-80BC-44CB-B39C-87F40BAAB3F7}"
EndProject
Project("{2150E333-8FDC-42A3-9474-1A3956D46DE8}") = "Task3", "Task3", "{72D7FC6F-C44B-4337-A600-C81C36E6BD7B}"
EndProject
Project("{FAE04EC0-301F-11D3-BF4B-00C04F79EFBC}") = "Tyuiu.GalyameevMR.Sprint6.Task3.V18.Test", "Tyuiu.GalyameevMR.Sprint6.Task3.V18.Test\Tyuiu.GalyameevMR.Sprint6.Task3.V18.Test.csproj", "{EB882D2F-C640-4840-8423-33081C8D4406}"
EndProject
Project("{FAE04EC0-301F-11D3-BF4B-00C04F79EFBC}") = "Tyuiu.GalyameevMR.Sprint6.Task3.V18.LIb", "Tyuiu.GalyameevMR.Sprint6.Task3.V18.LIb\Tyuiu.GalyameevMR.Sprint6.Task3.V18.LIb.csproj", "{CBD7DE27-876B-4C59-AE94-B88DD81D566A}"
EndProject
Project("{FAE04EC0-301F-11D3-BF4B-00C04F79EFBC}") = "Tyuiu.GalyameevMR.Sprint6.Task3.V18", "Tyuiu.GalyameevMR.Sprint6.Task3.V18\Tyuiu.GalyameevMR.Sprint6.Task3.V18.csproj", "{F8787FB7-4198-4EB1-81EF-EE44531EF09D}"
EndProject
Project("{2150E333-8FDC-42A3-9474-1A3956D46DE8}") = "Task4", "Task4", "{0429D842-75DB-46C6-9857-5082DA2093E9}"
EndProject
Project("{FAE04EC0-301F-11D3-BF4B-00C04F79EFBC}") = "Tyuiu.GalyameevMR.Sprint6.Task4.V16.Lib", "Tyuiu.GalyameevMR.Sprint6.Task4.V16.Lib\Tyuiu.GalyameevMR.Sprint6.Task4.V16.Lib.csproj", "{3BA398B4-736E-4057-ABA5-9D3601ACC5F4}"
EndProject
Project("{FAE04EC0-301F-11D3-BF4B-00C04F79EFBC}") = "Tyuiu.GalyameevMR.Sprint6.Task4.V16.Test", "Tyuiu.GalyameevMR.Sprint6.Task4.V16.Test\Tyuiu.GalyameevMR.Sprint6.Task4.V16.Test.csproj", "{E7F31510-E85C-4507-9C86-CAB31CDD25FF}"
EndProject
Project("{FAE04EC0-301F-11D3-BF4B-00C04F79EFBC}") = "Tyuiu.GalyameevMR.Sprint6.Task4.V16", "Tyuiu.GalyameevMR.Sprint6.Task4.V16\Tyuiu.GalyameevMR.Sprint6.Task4.V16.csproj", "{0CF83ACD-F85C-432C-8656-7ED8E0088C65}"
EndProject
Project("{2150E333-8FDC-42A3-9474-1A3956D46DE8}") = "Task5", "Task5", "{DAF5B831-2BFF-4E6B-9155-0B5A58EFEFCE}"
EndProject
Project("{FAE04EC0-301F-11D3-BF4B-00C04F79EFBC}") = "Tyuiu.GalyameevMR.Sprint6.Task5.V24.Lib", "Tyuiu.GalyameevMR.Sprint6.Task5.V24.Lib\Tyuiu.GalyameevMR.Sprint6.Task5.V24.Lib.csproj", "{88AE5373-B0E7-4325-972B-9E6561D4C410}"
EndProject
Project("{FAE04EC0-301F-11D3-BF4B-00C04F79EFBC}") = "Tyuiu.GalyameevMR.Sprint6.Task5.V24.Test", "Tyuiu.GalyameevMR.Sprint6.Task5.V24.Test\Tyuiu.GalyameevMR.Sprint6.Task5.V24.Test.csproj", "{8D526D2D-117E-407E-B68B-C3F21F95DE39}"
EndProject
Project("{FAE04EC0-301F-11D3-BF4B-00C04F79EFBC}") = "Tyuiu.GalyameevMR.Sprint6.Task5.V24", "Tyuiu.GalyameevMR.Sprint6.Task5.V24\Tyuiu.GalyameevMR.Sprint6.Task5.V24.csproj", "{A2D81710-3454-4951-A717-7590FC5530A9}"
EndProject
Project("{FAE04EC0-301F-11D3-BF4B-00C04F79EFBC}") = "Tyuiu.GalyameevMR.Sprint6.Task6.V28.Test", "Tyuiu.GalyameevMR.Sprint6.Task6.V28.Test\Tyuiu.GalyameevMR.Sprint6.Task6.V28.Test.csproj", "{C2DA2CF5-32F6-4E6A-810F-572326D72F7D}"
EndProject
Project("{2150E333-8FDC-42A3-9474-1A3956D46DE8}") = "Task6", "Task6", "{328511DD-CBB4-4F13-82FB-8433EB76C7B4}"
EndProject
Project("{FAE04EC0-301F-11D3-BF4B-00C04F79EFBC}") = "Tyuiu.GalyameevMR.Sprint6.Task6.V28.Lib", "Tyuiu.GalyameevMR.Sprint6.Task6.V28.Lib\Tyuiu.GalyameevMR.Sprint6.Task6.V28.Lib.csproj", "{875D430C-2340-4869-A018-CF9A261DF8BD}"
EndProject
Project("{FAE04EC0-301F-11D3-BF4B-00C04F79EFBC}") = "Tyuiu.GalyameevMR.Sprint6.Task6.V28", "Tyuiu.GalyameevMR.Sprint6.Task6.V28\Tyuiu.GalyameevMR.Sprint6.Task6.V28.csproj", "{50A4D6E4-58C5-401A-9E50-76D9AB1E4B05}"
EndProject
Project("{2150E333-8FDC-42A3-9474-1A3956D46DE8}") = "Task7", "Task7", "{D781718F-7F8D-466C-80B4-BA82A658012A}"
EndProject
Project("{FAE04EC0-301F-11D3-BF4B-00C04F79EFBC}") = "Tyuiu.GalyameevMR.Sprint6.Task7.V11.Lib", "Tyuiu.GalyameevMR.Sprint6.Task7.V11.Lib\Tyuiu.GalyameevMR.Sprint6.Task7.V11.Lib.csproj", "{5686A8E0-649E-4525-B547-54957262D8AD}"
EndProject
Project("{FAE04EC0-301F-11D3-BF4B-00C04F79EFBC}") = "Tyuiu.GalyameevMR.Sprint6.Task7.V11.Test", "Tyuiu.GalyameevMR.Sprint6.Task7.V11.Test\Tyuiu.GalyameevMR.Sprint6.Task7.V11.Test.csproj", "{E262A530-F4FA-46EE-BF8E-C19F8B12C9C5}"
EndProject
Project("{FAE04EC0-301F-11D3-BF4B-00C04F79EFBC}") = "Tyuiu.GalyameevMR.Sprint6.Task7.V11", "Tyuiu.GalyameevMR.Sprint6.Task7.V11\Tyuiu.GalyameevMR.Sprint6.Task7.V11.csproj", "{175A3938-8FC7-43B1-86ED-EB351005ED76}"
EndProject
Project("{2150E333-8FDC-42A3-9474-1A3956D46DE8}") = "NewFolder1", "NewFolder1", "{44BCC8D3-290E-4143-889F-A00B0ED20D68}"
EndProject
Global
	GlobalSection(SolutionConfigurationPlatforms) = preSolution
		Debug|Any CPU = Debug|Any CPU
		Release|Any CPU = Release|Any CPU
	EndGlobalSection
	GlobalSection(ProjectConfigurationPlatforms) = postSolution
		{C84B862A-4A1A-4D8C-99E9-29FF5356B088}.Debug|Any CPU.ActiveCfg = Debug|Any CPU
		{C84B862A-4A1A-4D8C-99E9-29FF5356B088}.Debug|Any CPU.Build.0 = Debug|Any CPU
		{C84B862A-4A1A-4D8C-99E9-29FF5356B088}.Release|Any CPU.ActiveCfg = Release|Any CPU
		{C84B862A-4A1A-4D8C-99E9-29FF5356B088}.Release|Any CPU.Build.0 = Release|Any CPU
		{1CD6C609-B3D9-434A-920A-0BBB60B1F79E}.Debug|Any CPU.ActiveCfg = Debug|Any CPU
		{1CD6C609-B3D9-434A-920A-0BBB60B1F79E}.Debug|Any CPU.Build.0 = Debug|Any CPU
		{1CD6C609-B3D9-434A-920A-0BBB60B1F79E}.Release|Any CPU.ActiveCfg = Release|Any CPU
		{1CD6C609-B3D9-434A-920A-0BBB60B1F79E}.Release|Any CPU.Build.0 = Release|Any CPU
		{5717E1B3-2B56-4BF6-B3F9-F76687986DFD}.Debug|Any CPU.ActiveCfg = Debug|Any CPU
		{5717E1B3-2B56-4BF6-B3F9-F76687986DFD}.Debug|Any CPU.Build.0 = Debug|Any CPU
		{5717E1B3-2B56-4BF6-B3F9-F76687986DFD}.Release|Any CPU.ActiveCfg = Release|Any CPU
		{5717E1B3-2B56-4BF6-B3F9-F76687986DFD}.Release|Any CPU.Build.0 = Release|Any CPU
		{4E5515D8-6D4D-456A-987E-A92E042B2CC4}.Debug|Any CPU.ActiveCfg = Debug|Any CPU
		{4E5515D8-6D4D-456A-987E-A92E042B2CC4}.Debug|Any CPU.Build.0 = Debug|Any CPU
		{4E5515D8-6D4D-456A-987E-A92E042B2CC4}.Release|Any CPU.ActiveCfg = Release|Any CPU
		{4E5515D8-6D4D-456A-987E-A92E042B2CC4}.Release|Any CPU.Build.0 = Release|Any CPU
		{6A96B5B3-C95A-48B5-B8A2-D9E5DEDAFE3C}.Debug|Any CPU.ActiveCfg = Debug|Any CPU
		{6A96B5B3-C95A-48B5-B8A2-D9E5DEDAFE3C}.Debug|Any CPU.Build.0 = Debug|Any CPU
		{6A96B5B3-C95A-48B5-B8A2-D9E5DEDAFE3C}.Release|Any CPU.ActiveCfg = Release|Any CPU
		{6A96B5B3-C95A-48B5-B8A2-D9E5DEDAFE3C}.Release|Any CPU.Build.0 = Release|Any CPU
		{958B105E-BD43-4692-88A1-6927C45091FB}.Debug|Any CPU.ActiveCfg = Debug|Any CPU
		{958B105E-BD43-4692-88A1-6927C45091FB}.Debug|Any CPU.Build.0 = Debug|Any CPU
		{958B105E-BD43-4692-88A1-6927C45091FB}.Release|Any CPU.ActiveCfg = Release|Any CPU
		{958B105E-BD43-4692-88A1-6927C45091FB}.Release|Any CPU.Build.0 = Release|Any CPU
		{6982ACAB-3DD2-4EB5-A44F-B8E1D8176128}.Debug|Any CPU.ActiveCfg = Debug|Any CPU
		{6982ACAB-3DD2-4EB5-A44F-B8E1D8176128}.Debug|Any CPU.Build.0 = Debug|Any CPU
		{6982ACAB-3DD2-4EB5-A44F-B8E1D8176128}.Release|Any CPU.ActiveCfg = Release|Any CPU
		{6982ACAB-3DD2-4EB5-A44F-B8E1D8176128}.Release|Any CPU.Build.0 = Release|Any CPU
		{07F0C2E4-1052-42CF-AE60-7751637FEE2D}.Debug|Any CPU.ActiveCfg = Debug|Any CPU
		{07F0C2E4-1052-42CF-AE60-7751637FEE2D}.Debug|Any CPU.Build.0 = Debug|Any CPU
		{07F0C2E4-1052-42CF-AE60-7751637FEE2D}.Release|Any CPU.ActiveCfg = Release|Any CPU
		{07F0C2E4-1052-42CF-AE60-7751637FEE2D}.Release|Any CPU.Build.0 = Release|Any CPU
		{DABD9C40-80BC-44CB-B39C-87F40BAAB3F7}.Debug|Any CPU.ActiveCfg = Debug|Any CPU
		{DABD9C40-80BC-44CB-B39C-87F40BAAB3F7}.Debug|Any CPU.Build.0 = Debug|Any CPU
		{DABD9C40-80BC-44CB-B39C-87F40BAAB3F7}.Release|Any CPU.ActiveCfg = Release|Any CPU
		{DABD9C40-80BC-44CB-B39C-87F40BAAB3F7}.Release|Any CPU.Build.0 = Release|Any CPU
		{EB882D2F-C640-4840-8423-33081C8D4406}.Debug|Any CPU.ActiveCfg = Debug|Any CPU
		{EB882D2F-C640-4840-8423-33081C8D4406}.Debug|Any CPU.Build.0 = Debug|Any CPU
		{EB882D2F-C640-4840-8423-33081C8D4406}.Release|Any CPU.ActiveCfg = Release|Any CPU
		{EB882D2F-C640-4840-8423-33081C8D4406}.Release|Any CPU.Build.0 = Release|Any CPU
		{CBD7DE27-876B-4C59-AE94-B88DD81D566A}.Debug|Any CPU.ActiveCfg = Debug|Any CPU
		{CBD7DE27-876B-4C59-AE94-B88DD81D566A}.Debug|Any CPU.Build.0 = Debug|Any CPU
		{CBD7DE27-876B-4C59-AE94-B88DD81D566A}.Release|Any CPU.ActiveCfg = Release|Any CPU
		{CBD7DE27-876B-4C59-AE94-B88DD81D566A}.Release|Any CPU.Build.0 = Release|Any CPU
		{F8787FB7-4198-4EB1-81EF-EE44531EF09D}.Debug|Any CPU.ActiveCfg = Debug|Any CPU
		{F8787FB7-4198-4EB1-81EF-EE44531EF09D}.Debug|Any CPU.Build.0 = Debug|Any CPU
		{F8787FB7-4198-4EB1-81EF-EE44531EF09D}.Release|Any CPU.ActiveCfg = Release|Any CPU
		{F8787FB7-4198-4EB1-81EF-EE44531EF09D}.Release|Any CPU.Build.0 = Release|Any CPU
		{3BA398B4-736E-4057-ABA5-9D3601ACC5F4}.Debug|Any CPU.ActiveCfg = Debug|Any CPU
		{3BA398B4-736E-4057-ABA5-9D3601ACC5F4}.Debug|Any CPU.Build.0 = Debug|Any CPU
		{3BA398B4-736E-4057-ABA5-9D3601ACC5F4}.Release|Any CPU.ActiveCfg = Release|Any CPU
		{3BA398B4-736E-4057-ABA5-9D3601ACC5F4}.Release|Any CPU.Build.0 = Release|Any CPU
		{E7F31510-E85C-4507-9C86-CAB31CDD25FF}.Debug|Any CPU.ActiveCfg = Debug|Any CPU
		{E7F31510-E85C-4507-9C86-CAB31CDD25FF}.Debug|Any CPU.Build.0 = Debug|Any CPU
		{E7F31510-E85C-4507-9C86-CAB31CDD25FF}.Release|Any CPU.ActiveCfg = Release|Any CPU
		{E7F31510-E85C-4507-9C86-CAB31CDD25FF}.Release|Any CPU.Build.0 = Release|Any CPU
		{0CF83ACD-F85C-432C-8656-7ED8E0088C65}.Debug|Any CPU.ActiveCfg = Debug|Any CPU
		{0CF83ACD-F85C-432C-8656-7ED8E0088C65}.Debug|Any CPU.Build.0 = Debug|Any CPU
		{0CF83ACD-F85C-432C-8656-7ED8E0088C65}.Release|Any CPU.ActiveCfg = Release|Any CPU
		{0CF83ACD-F85C-432C-8656-7ED8E0088C65}.Release|Any CPU.Build.0 = Release|Any CPU
		{88AE5373-B0E7-4325-972B-9E6561D4C410}.Debug|Any CPU.ActiveCfg = Debug|Any CPU
		{88AE5373-B0E7-4325-972B-9E6561D4C410}.Debug|Any CPU.Build.0 = Debug|Any CPU
		{88AE5373-B0E7-4325-972B-9E6561D4C410}.Release|Any CPU.ActiveCfg = Release|Any CPU
		{88AE5373-B0E7-4325-972B-9E6561D4C410}.Release|Any CPU.Build.0 = Release|Any CPU
		{8D526D2D-117E-407E-B68B-C3F21F95DE39}.Debug|Any CPU.ActiveCfg = Debug|Any CPU
		{8D526D2D-117E-407E-B68B-C3F21F95DE39}.Debug|Any CPU.Build.0 = Debug|Any CPU
		{8D526D2D-117E-407E-B68B-C3F21F95DE39}.Release|Any CPU.ActiveCfg = Release|Any CPU
		{8D526D2D-117E-407E-B68B-C3F21F95DE39}.Release|Any CPU.Build.0 = Release|Any CPU
		{A2D81710-3454-4951-A717-7590FC5530A9}.Debug|Any CPU.ActiveCfg = Debug|Any CPU
		{A2D81710-3454-4951-A717-7590FC5530A9}.Debug|Any CPU.Build.0 = Debug|Any CPU
		{A2D81710-3454-4951-A717-7590FC5530A9}.Release|Any CPU.ActiveCfg = Release|Any CPU
		{A2D81710-3454-4951-A717-7590FC5530A9}.Release|Any CPU.Build.0 = Release|Any CPU
		{C2DA2CF5-32F6-4E6A-810F-572326D72F7D}.Debug|Any CPU.ActiveCfg = Debug|Any CPU
		{C2DA2CF5-32F6-4E6A-810F-572326D72F7D}.Debug|Any CPU.Build.0 = Debug|Any CPU
		{C2DA2CF5-32F6-4E6A-810F-572326D72F7D}.Release|Any CPU.ActiveCfg = Release|Any CPU
		{C2DA2CF5-32F6-4E6A-810F-572326D72F7D}.Release|Any CPU.Build.0 = Release|Any CPU
		{875D430C-2340-4869-A018-CF9A261DF8BD}.Debug|Any CPU.ActiveCfg = Debug|Any CPU
		{875D430C-2340-4869-A018-CF9A261DF8BD}.Debug|Any CPU.Build.0 = Debug|Any CPU
		{875D430C-2340-4869-A018-CF9A261DF8BD}.Release|Any CPU.ActiveCfg = Release|Any CPU
		{875D430C-2340-4869-A018-CF9A261DF8BD}.Release|Any CPU.Build.0 = Release|Any CPU
		{50A4D6E4-58C5-401A-9E50-76D9AB1E4B05}.Debug|Any CPU.ActiveCfg = Debug|Any CPU
		{50A4D6E4-58C5-401A-9E50-76D9AB1E4B05}.Debug|Any CPU.Build.0 = Debug|Any CPU
		{50A4D6E4-58C5-401A-9E50-76D9AB1E4B05}.Release|Any CPU.ActiveCfg = Release|Any CPU
		{50A4D6E4-58C5-401A-9E50-76D9AB1E4B05}.Release|Any CPU.Build.0 = Release|Any CPU
		{5686A8E0-649E-4525-B547-54957262D8AD}.Debug|Any CPU.ActiveCfg = Debug|Any CPU
		{5686A8E0-649E-4525-B547-54957262D8AD}.Debug|Any CPU.Build.0 = Debug|Any CPU
		{5686A8E0-649E-4525-B547-54957262D8AD}.Release|Any CPU.ActiveCfg = Release|Any CPU
		{5686A8E0-649E-4525-B547-54957262D8AD}.Release|Any CPU.Build.0 = Release|Any CPU
		{E262A530-F4FA-46EE-BF8E-C19F8B12C9C5}.Debug|Any CPU.ActiveCfg = Debug|Any CPU
		{E262A530-F4FA-46EE-BF8E-C19F8B12C9C5}.Debug|Any CPU.Build.0 = Debug|Any CPU
		{E262A530-F4FA-46EE-BF8E-C19F8B12C9C5}.Release|Any CPU.ActiveCfg = Release|Any CPU
		{E262A530-F4FA-46EE-BF8E-C19F8B12C9C5}.Release|Any CPU.Build.0 = Release|Any CPU
		{175A3938-8FC7-43B1-86ED-EB351005ED76}.Debug|Any CPU.ActiveCfg = Debug|Any CPU
		{175A3938-8FC7-43B1-86ED-EB351005ED76}.Debug|Any CPU.Build.0 = Debug|Any CPU
		{175A3938-8FC7-43B1-86ED-EB351005ED76}.Release|Any CPU.ActiveCfg = Release|Any CPU
		{175A3938-8FC7-43B1-86ED-EB351005ED76}.Release|Any CPU.Build.0 = Release|Any CPU
	EndGlobalSection
	GlobalSection(SolutionProperties) = preSolution
		HideSolutionNode = FALSE
	EndGlobalSection
	GlobalSection(NestedProjects) = preSolution
		{C84B862A-4A1A-4D8C-99E9-29FF5356B088} = {76FB7B4D-CD96-43DC-825B-F956827DB93D}
		{1CD6C609-B3D9-434A-920A-0BBB60B1F79E} = {76FB7B4D-CD96-43DC-825B-F956827DB93D}
		{5717E1B3-2B56-4BF6-B3F9-F76687986DFD} = {76FB7B4D-CD96-43DC-825B-F956827DB93D}
		{4E5515D8-6D4D-456A-987E-A92E042B2CC4} = {690ABB10-2133-4C11-AFCE-D2DF26608EA3}
		{6A96B5B3-C95A-48B5-B8A2-D9E5DEDAFE3C} = {690ABB10-2133-4C11-AFCE-D2DF26608EA3}
		{958B105E-BD43-4692-88A1-6927C45091FB} = {690ABB10-2133-4C11-AFCE-D2DF26608EA3}
		{6982ACAB-3DD2-4EB5-A44F-B8E1D8176128} = {E8F73A31-25A0-492A-AF67-6CDD083DEFAE}
		{07F0C2E4-1052-42CF-AE60-7751637FEE2D} = {E8F73A31-25A0-492A-AF67-6CDD083DEFAE}
		{DABD9C40-80BC-44CB-B39C-87F40BAAB3F7} = {E8F73A31-25A0-492A-AF67-6CDD083DEFAE}
		{EB882D2F-C640-4840-8423-33081C8D4406} = {72D7FC6F-C44B-4337-A600-C81C36E6BD7B}
		{CBD7DE27-876B-4C59-AE94-B88DD81D566A} = {72D7FC6F-C44B-4337-A600-C81C36E6BD7B}
		{F8787FB7-4198-4EB1-81EF-EE44531EF09D} = {72D7FC6F-C44B-4337-A600-C81C36E6BD7B}
		{3BA398B4-736E-4057-ABA5-9D3601ACC5F4} = {0429D842-75DB-46C6-9857-5082DA2093E9}
		{E7F31510-E85C-4507-9C86-CAB31CDD25FF} = {0429D842-75DB-46C6-9857-5082DA2093E9}
		{0CF83ACD-F85C-432C-8656-7ED8E0088C65} = {0429D842-75DB-46C6-9857-5082DA2093E9}
		{88AE5373-B0E7-4325-972B-9E6561D4C410} = {DAF5B831-2BFF-4E6B-9155-0B5A58EFEFCE}
		{8D526D2D-117E-407E-B68B-C3F21F95DE39} = {DAF5B831-2BFF-4E6B-9155-0B5A58EFEFCE}
		{A2D81710-3454-4951-A717-7590FC5530A9} = {DAF5B831-2BFF-4E6B-9155-0B5A58EFEFCE}
		{C2DA2CF5-32F6-4E6A-810F-572326D72F7D} = {328511DD-CBB4-4F13-82FB-8433EB76C7B4}
		{875D430C-2340-4869-A018-CF9A261DF8BD} = {328511DD-CBB4-4F13-82FB-8433EB76C7B4}
		{50A4D6E4-58C5-401A-9E50-76D9AB1E4B05} = {328511DD-CBB4-4F13-82FB-8433EB76C7B4}
		{5686A8E0-649E-4525-B547-54957262D8AD} = {D781718F-7F8D-466C-80B4-BA82A658012A}
		{E262A530-F4FA-46EE-BF8E-C19F8B12C9C5} = {D781718F-7F8D-466C-80B4-BA82A658012A}
		{175A3938-8FC7-43B1-86ED-EB351005ED76} = {D781718F-7F8D-466C-80B4-BA82A658012A}
	EndGlobalSection
	GlobalSection(ExtensibilityGlobals) = postSolution
		SolutionGuid = {AA2274AA-8CEE-47AD-84E6-9FD5482C3E53}
	EndGlobalSection
EndGlobal
